
Microsoft Visual Studio Solution File, Format Version 12.00
# Visual Studio Version 17
VisualStudioVersion = 17.10.34607.79
MinimumVisualStudioVersion = 10.0.40219.1
Project("{8BC9CEB8-8B4A-11D0-8D11-00A0C91BC942}") = "Task3", "Task3\Task3.vcxproj", "{167B1375-65CB-47A2-ADA9-FBECB02E6C95}"
EndProject
Project("{8BC9CEB8-8B4A-11D0-8D11-00A0C91BC942}") = "Test3_tests", "Test3_tests\Test3_tests.vcxproj", "{AA837029-7F8A-459A-B43A-A6BFD89B8DA2}"
EndProject
Global
	GlobalSection(SolutionConfigurationPlatforms) = preSolution
		Debug|x64 = Debug|x64
		Debug|x86 = Debug|x86
		Release|x64 = Release|x64
		Release|x86 = Release|x86
	EndGlobalSection
	GlobalSection(ProjectConfigurationPlatforms) = postSolution
		{167B1375-65CB-47A2-ADA9-FBECB02E6C95}.Debug|x64.ActiveCfg = Debug|x64
		{167B1375-65CB-47A2-ADA9-FBECB02E6C95}.Debug|x64.Build.0 = Debug|x64
		{167B1375-65CB-47A2-ADA9-FBECB02E6C95}.Debug|x86.ActiveCfg = Debug|Win32
		{167B1375-65CB-47A2-ADA9-FBECB02E6C95}.Debug|x86.Build.0 = Debug|Win32
		{167B1375-65CB-47A2-ADA9-FBECB02E6C95}.Release|x64.ActiveCfg = Release|x64
		{167B1375-65CB-47A2-ADA9-FBECB02E6C95}.Release|x64.Build.0 = Release|x64
		{167B1375-65CB-47A2-ADA9-FBECB02E6C95}.Release|x86.ActiveCfg = Release|Win32
		{167B1375-65CB-47A2-ADA9-FBECB02E6C95}.Release|x86.Build.0 = Release|Win32
		{AA837029-7F8A-459A-B43A-A6BFD89B8DA2}.Debug|x64.ActiveCfg = Debug|x64
		{AA837029-7F8A-459A-B43A-A6BFD89B8DA2}.Debug|x64.Build.0 = Debug|x64
		{AA837029-7F8A-459A-B43A-A6BFD89B8DA2}.Debug|x86.ActiveCfg = Debug|Win32
		{AA837029-7F8A-459A-B43A-A6BFD89B8DA2}.Debug|x86.Build.0 = Debug|Win32
		{AA837029-7F8A-459A-B43A-A6BFD89B8DA2}.Release|x64.ActiveCfg = Release|x64
		{AA837029-7F8A-459A-B43A-A6BFD89B8DA2}.Release|x64.Build.0 = Release|x64
		{AA837029-7F8A-459A-B43A-A6BFD89B8DA2}.Release|x86.ActiveCfg = Release|Win32
		{AA837029-7F8A-459A-B43A-A6BFD89B8DA2}.Release|x86.Build.0 = Release|Win32
	EndGlobalSection
	GlobalSection(SolutionProperties) = preSolution
		HideSolutionNode = FALSE
	EndGlobalSection
	GlobalSection(ExtensibilityGlobals) = postSolution
		SolutionGuid = {568EE17C-1E87-4AC2-AC7A-2FBE666DFF28}
	EndGlobalSection
EndGlobal
